
Microsoft Visual Studio Solution File, Format Version 12.00
# Visual Studio Version 16
VisualStudioVersion = 16.0.31005.135
MinimumVisualStudioVersion = 10.0.40219.1
Project("{FAE04EC0-301F-11D3-BF4B-00C04F79EFBC}") = "Desarrollo-web-ASP.NET-Core-Practica-5", "Desarrollo-web-ASP.NET-Core-Practica-5.csproj", "{932DA4B2-6139-48C4-926A-72470FD6D760}"
EndProject
Global
	GlobalSection(SolutionConfigurationPlatforms) = preSolution
		Debug|Any CPU = Debug|Any CPU
		Release|Any CPU = Release|Any CPU
	EndGlobalSection
	GlobalSection(ProjectConfigurationPlatforms) = postSolution
		{932DA4B2-6139-48C4-926A-72470FD6D760}.Debug|Any CPU.ActiveCfg = Debug|Any CPU
		{932DA4B2-6139-48C4-926A-72470FD6D760}.Debug|Any CPU.Build.0 = Debug|Any CPU
		{932DA4B2-6139-48C4-926A-72470FD6D760}.Release|Any CPU.ActiveCfg = Release|Any CPU
		{932DA4B2-6139-48C4-926A-72470FD6D760}.Release|Any CPU.Build.0 = Release|Any CPU
	EndGlobalSection
	GlobalSection(SolutionProperties) = preSolution
		HideSolutionNode = FALSE
	EndGlobalSection
	GlobalSection(ExtensibilityGlobals) = postSolution
		SolutionGuid = {A78C1965-B6ED-4010-8F69-041FB71C729F}
	EndGlobalSection
EndGlobal
